
Microsoft Visual Studio Solution File, Format Version 12.00
# Visual Studio Version 17
VisualStudioVersion = 17.5.002.0
MinimumVisualStudioVersion = 10.0.40219.1
Project("{9A19103F-16F7-4668-BE54-9A1E7A4F7556}") = "APIS-EntityFramework-NET", "APIS-EntityFramework-NET.csproj", "{FF758A73-1021-4FA9-97E9-B88220F99A32}"
EndProject
Global
	GlobalSection(SolutionConfigurationPlatforms) = preSolution
		Debug|Any CPU = Debug|Any CPU
		Release|Any CPU = Release|Any CPU
	EndGlobalSection
	GlobalSection(ProjectConfigurationPlatforms) = postSolution
		{FF758A73-1021-4FA9-97E9-B88220F99A32}.Debug|Any CPU.ActiveCfg = Debug|Any CPU
		{FF758A73-1021-4FA9-97E9-B88220F99A32}.Debug|Any CPU.Build.0 = Debug|Any CPU
		{FF758A73-1021-4FA9-97E9-B88220F99A32}.Release|Any CPU.ActiveCfg = Release|Any CPU
		{FF758A73-1021-4FA9-97E9-B88220F99A32}.Release|Any CPU.Build.0 = Release|Any CPU
	EndGlobalSection
	GlobalSection(SolutionProperties) = preSolution
		HideSolutionNode = FALSE
	EndGlobalSection
	GlobalSection(ExtensibilityGlobals) = postSolution
		SolutionGuid = {25933772-29EF-4260-86EE-1ADBD3F8C083}
	EndGlobalSection
EndGlobal
